<Solution>
  <Folder Name="/Documents/" />
  <Folder Name="/Documents/Agents/">
    <File Path="AGENTS.md" />
    <File Path="Documentation/CodeGuidelines.md" />
    <File Path="Documentation/CONTRIBUTING.md" />
    <File Path="Documentation/DesignPhilosophy.md" />
  </Folder>
  <Folder Name="/ToDo/">
    <File Path="ToDo.txt" />
  </Folder>
  <Project Path="Assembly-CSharp-Editor.csproj" />
  <Project Path="Assembly-CSharp-firstpass.csproj" />
  <Project Path="Assembly-CSharp.csproj" />
  <Project Path="SymphonyFrameWork.Core.csproj" />
  <Project Path="SymphonyFrameWork.csproj" />
  <Project Path="SymphonyFrameWork.Editor.csproj" />
  <Project Path="SymphonyFrameWork.Enum.csproj" />
</Solution>
